
Microsoft Visual Studio Solution File, Format Version 12.00
# Visual Studio Version 16
VisualStudioVersion = 16.0.30114.105
MinimumVisualStudioVersion = 10.0.40219.1
Project("{2150E333-8FDC-42A3-9474-1A3956D46DE8}") = "src", "src", "{DFE92793-8D97-41EE-8B78-BEB8324F6236}"
EndProject
Project("{2150E333-8FDC-42A3-9474-1A3956D46DE8}") = "Core", "Core", "{F4567638-2BB3-4464-8CB8-0EDD63465A13}"
EndProject
Project("{FAE04EC0-301F-11D3-BF4B-00C04F79EFBC}") = "eHomeDesigner.Application", "src\Core\eHomeDesigner.Application\eHomeDesigner.Application.csproj", "{5363C079-B73B-4C65-B7E2-BD9CE71CD149}"
EndProject
Project("{2150E333-8FDC-42A3-9474-1A3956D46DE8}") = "tests", "tests", "{9CD36202-E390-40FB-833D-09A6707CAFDE}"
EndProject
Project("{2150E333-8FDC-42A3-9474-1A3956D46DE8}") = "Core", "Core", "{1AD926CA-59E6-4242-85A2-3E0224062002}"
EndProject
Project("{FAE04EC0-301F-11D3-BF4B-00C04F79EFBC}") = "eHomeDesigner.Application.UnitTests", "tests\Core\eHomeDesigner.Application.UnitTests\eHomeDesigner.Application.UnitTests.csproj", "{DD17E63A-3DAC-48A5-8161-D418B78C53F5}"
EndProject
Project("{2150E333-8FDC-42A3-9474-1A3956D46DE8}") = "API", "API", "{54F00C52-3FA1-45CF-BB8A-BEAF110DC8F3}"
EndProject
Project("{FAE04EC0-301F-11D3-BF4B-00C04F79EFBC}") = "eHomeDesigner.RestAPI", "src\API\eHomeDesigner.RestAPI\eHomeDesigner.RestAPI.csproj", "{AC07A1E6-B8F8-4359-BF98-2DEA5359DB03}"
EndProject
Project("{2150E333-8FDC-42A3-9474-1A3956D46DE8}") = "Infrastructure", "Infrastructure", "{B7BDA42F-F3E9-4522-B978-B5E43E8A394D}"
EndProject
Project("{FAE04EC0-301F-11D3-BF4B-00C04F79EFBC}") = "eHomeDesigner.Data", "src\Infrastructure\eHomeDesigner.Data\eHomeDesigner.Data.csproj", "{7A20D944-8742-4357-8C15-CBC04BD45DCC}"
EndProject
Project("{2150E333-8FDC-42A3-9474-1A3956D46DE8}") = "Infrastructure", "Infrastructure", "{B281BA53-4538-498C-933F-35DF1FD24048}"
EndProject
Project("{FAE04EC0-301F-11D3-BF4B-00C04F79EFBC}") = "eHomeDesigner.Data.IntegrationTests", "tests\Infrastructure\eHomeDesigner.Data.IntegrationTests\eHomeDesigner.Data.IntegrationTests.csproj", "{232F55BE-12A4-4A39-804D-0149DFEA8E17}"
EndProject
Project("{FAE04EC0-301F-11D3-BF4B-00C04F79EFBC}") = "eHomeDesigner.Converters", "src\Infrastructure\eHomeDesigner.Converters\eHomeDesigner.Converters.csproj", "{63E61218-2413-4FEE-87F2-01B7A9C2C34A}"
EndProject
Project("{FAE04EC0-301F-11D3-BF4B-00C04F79EFBC}") = "eHomeDesigner.Converters.IntegrationTests", "tests\Infrastructure\eHomeDesigner.Converters.IntegrationTests\eHomeDesigner.Converters.IntegrationTests.csproj", "{5EE1E6CA-1400-44D4-A07C-4672B49E36E4}"
EndProject
Global
	GlobalSection(SolutionConfigurationPlatforms) = preSolution
		Debug|Any CPU = Debug|Any CPU
		Debug|x64 = Debug|x64
		Debug|x86 = Debug|x86
		Release|Any CPU = Release|Any CPU
		Release|x64 = Release|x64
		Release|x86 = Release|x86
	EndGlobalSection
	GlobalSection(SolutionProperties) = preSolution
		HideSolutionNode = FALSE
	EndGlobalSection
	GlobalSection(ProjectConfigurationPlatforms) = postSolution
		{5363C079-B73B-4C65-B7E2-BD9CE71CD149}.Debug|Any CPU.ActiveCfg = Debug|Any CPU
		{5363C079-B73B-4C65-B7E2-BD9CE71CD149}.Debug|Any CPU.Build.0 = Debug|Any CPU
		{5363C079-B73B-4C65-B7E2-BD9CE71CD149}.Debug|x64.ActiveCfg = Debug|Any CPU
		{5363C079-B73B-4C65-B7E2-BD9CE71CD149}.Debug|x64.Build.0 = Debug|Any CPU
		{5363C079-B73B-4C65-B7E2-BD9CE71CD149}.Debug|x86.ActiveCfg = Debug|Any CPU
		{5363C079-B73B-4C65-B7E2-BD9CE71CD149}.Debug|x86.Build.0 = Debug|Any CPU
		{5363C079-B73B-4C65-B7E2-BD9CE71CD149}.Release|Any CPU.ActiveCfg = Release|Any CPU
		{5363C079-B73B-4C65-B7E2-BD9CE71CD149}.Release|Any CPU.Build.0 = Release|Any CPU
		{5363C079-B73B-4C65-B7E2-BD9CE71CD149}.Release|x64.ActiveCfg = Release|Any CPU
		{5363C079-B73B-4C65-B7E2-BD9CE71CD149}.Release|x64.Build.0 = Release|Any CPU
		{5363C079-B73B-4C65-B7E2-BD9CE71CD149}.Release|x86.ActiveCfg = Release|Any CPU
		{5363C079-B73B-4C65-B7E2-BD9CE71CD149}.Release|x86.Build.0 = Release|Any CPU
		{DD17E63A-3DAC-48A5-8161-D418B78C53F5}.Debug|Any CPU.ActiveCfg = Debug|Any CPU
		{DD17E63A-3DAC-48A5-8161-D418B78C53F5}.Debug|Any CPU.Build.0 = Debug|Any CPU
		{DD17E63A-3DAC-48A5-8161-D418B78C53F5}.Debug|x64.ActiveCfg = Debug|Any CPU
		{DD17E63A-3DAC-48A5-8161-D418B78C53F5}.Debug|x64.Build.0 = Debug|Any CPU
		{DD17E63A-3DAC-48A5-8161-D418B78C53F5}.Debug|x86.ActiveCfg = Debug|Any CPU
		{DD17E63A-3DAC-48A5-8161-D418B78C53F5}.Debug|x86.Build.0 = Debug|Any CPU
		{DD17E63A-3DAC-48A5-8161-D418B78C53F5}.Release|Any CPU.ActiveCfg = Release|Any CPU
		{DD17E63A-3DAC-48A5-8161-D418B78C53F5}.Release|Any CPU.Build.0 = Release|Any CPU
		{DD17E63A-3DAC-48A5-8161-D418B78C53F5}.Release|x64.ActiveCfg = Release|Any CPU
		{DD17E63A-3DAC-48A5-8161-D418B78C53F5}.Release|x64.Build.0 = Release|Any CPU
		{DD17E63A-3DAC-48A5-8161-D418B78C53F5}.Release|x86.ActiveCfg = Release|Any CPU
		{DD17E63A-3DAC-48A5-8161-D418B78C53F5}.Release|x86.Build.0 = Release|Any CPU
		{AC07A1E6-B8F8-4359-BF98-2DEA5359DB03}.Debug|Any CPU.ActiveCfg = Debug|Any CPU
		{AC07A1E6-B8F8-4359-BF98-2DEA5359DB03}.Debug|Any CPU.Build.0 = Debug|Any CPU
		{AC07A1E6-B8F8-4359-BF98-2DEA5359DB03}.Debug|x64.ActiveCfg = Debug|Any CPU
		{AC07A1E6-B8F8-4359-BF98-2DEA5359DB03}.Debug|x64.Build.0 = Debug|Any CPU
		{AC07A1E6-B8F8-4359-BF98-2DEA5359DB03}.Debug|x86.ActiveCfg = Debug|Any CPU
		{AC07A1E6-B8F8-4359-BF98-2DEA5359DB03}.Debug|x86.Build.0 = Debug|Any CPU
		{AC07A1E6-B8F8-4359-BF98-2DEA5359DB03}.Release|Any CPU.ActiveCfg = Release|Any CPU
		{AC07A1E6-B8F8-4359-BF98-2DEA5359DB03}.Release|Any CPU.Build.0 = Release|Any CPU
		{AC07A1E6-B8F8-4359-BF98-2DEA5359DB03}.Release|x64.ActiveCfg = Release|Any CPU
		{AC07A1E6-B8F8-4359-BF98-2DEA5359DB03}.Release|x64.Build.0 = Release|Any CPU
		{AC07A1E6-B8F8-4359-BF98-2DEA5359DB03}.Release|x86.ActiveCfg = Release|Any CPU
		{AC07A1E6-B8F8-4359-BF98-2DEA5359DB03}.Release|x86.Build.0 = Release|Any CPU
		{7A20D944-8742-4357-8C15-CBC04BD45DCC}.Debug|Any CPU.ActiveCfg = Debug|Any CPU
		{7A20D944-8742-4357-8C15-CBC04BD45DCC}.Debug|Any CPU.Build.0 = Debug|Any CPU
		{7A20D944-8742-4357-8C15-CBC04BD45DCC}.Debug|x64.ActiveCfg = Debug|Any CPU
		{7A20D944-8742-4357-8C15-CBC04BD45DCC}.Debug|x64.Build.0 = Debug|Any CPU
		{7A20D944-8742-4357-8C15-CBC04BD45DCC}.Debug|x86.ActiveCfg = Debug|Any CPU
		{7A20D944-8742-4357-8C15-CBC04BD45DCC}.Debug|x86.Build.0 = Debug|Any CPU
		{7A20D944-8742-4357-8C15-CBC04BD45DCC}.Release|Any CPU.ActiveCfg = Release|Any CPU
		{7A20D944-8742-4357-8C15-CBC04BD45DCC}.Release|Any CPU.Build.0 = Release|Any CPU
		{7A20D944-8742-4357-8C15-CBC04BD45DCC}.Release|x64.ActiveCfg = Release|Any CPU
		{7A20D944-8742-4357-8C15-CBC04BD45DCC}.Release|x64.Build.0 = Release|Any CPU
		{7A20D944-8742-4357-8C15-CBC04BD45DCC}.Release|x86.ActiveCfg = Release|Any CPU
		{7A20D944-8742-4357-8C15-CBC04BD45DCC}.Release|x86.Build.0 = Release|Any CPU
		{232F55BE-12A4-4A39-804D-0149DFEA8E17}.Debug|Any CPU.ActiveCfg = Debug|Any CPU
		{232F55BE-12A4-4A39-804D-0149DFEA8E17}.Debug|Any CPU.Build.0 = Debug|Any CPU
		{232F55BE-12A4-4A39-804D-0149DFEA8E17}.Debug|x64.ActiveCfg = Debug|Any CPU
		{232F55BE-12A4-4A39-804D-0149DFEA8E17}.Debug|x64.Build.0 = Debug|Any CPU
		{232F55BE-12A4-4A39-804D-0149DFEA8E17}.Debug|x86.ActiveCfg = Debug|Any CPU
		{232F55BE-12A4-4A39-804D-0149DFEA8E17}.Debug|x86.Build.0 = Debug|Any CPU
		{232F55BE-12A4-4A39-804D-0149DFEA8E17}.Release|Any CPU.ActiveCfg = Release|Any CPU
		{232F55BE-12A4-4A39-804D-0149DFEA8E17}.Release|Any CPU.Build.0 = Release|Any CPU
		{232F55BE-12A4-4A39-804D-0149DFEA8E17}.Release|x64.ActiveCfg = Release|Any CPU
		{232F55BE-12A4-4A39-804D-0149DFEA8E17}.Release|x64.Build.0 = Release|Any CPU
		{232F55BE-12A4-4A39-804D-0149DFEA8E17}.Release|x86.ActiveCfg = Release|Any CPU
		{232F55BE-12A4-4A39-804D-0149DFEA8E17}.Release|x86.Build.0 = Release|Any CPU
		{63E61218-2413-4FEE-87F2-01B7A9C2C34A}.Debug|Any CPU.ActiveCfg = Debug|Any CPU
		{63E61218-2413-4FEE-87F2-01B7A9C2C34A}.Debug|Any CPU.Build.0 = Debug|Any CPU
		{63E61218-2413-4FEE-87F2-01B7A9C2C34A}.Debug|x64.ActiveCfg = Debug|Any CPU
		{63E61218-2413-4FEE-87F2-01B7A9C2C34A}.Debug|x64.Build.0 = Debug|Any CPU
		{63E61218-2413-4FEE-87F2-01B7A9C2C34A}.Debug|x86.ActiveCfg = Debug|Any CPU
		{63E61218-2413-4FEE-87F2-01B7A9C2C34A}.Debug|x86.Build.0 = Debug|Any CPU
		{63E61218-2413-4FEE-87F2-01B7A9C2C34A}.Release|Any CPU.ActiveCfg = Release|Any CPU
		{63E61218-2413-4FEE-87F2-01B7A9C2C34A}.Release|Any CPU.Build.0 = Release|Any CPU
		{63E61218-2413-4FEE-87F2-01B7A9C2C34A}.Release|x64.ActiveCfg = Release|Any CPU
		{63E61218-2413-4FEE-87F2-01B7A9C2C34A}.Release|x64.Build.0 = Release|Any CPU
		{63E61218-2413-4FEE-87F2-01B7A9C2C34A}.Release|x86.ActiveCfg = Release|Any CPU
		{63E61218-2413-4FEE-87F2-01B7A9C2C34A}.Release|x86.Build.0 = Release|Any CPU
		{5EE1E6CA-1400-44D4-A07C-4672B49E36E4}.Debug|Any CPU.ActiveCfg = Debug|Any CPU
		{5EE1E6CA-1400-44D4-A07C-4672B49E36E4}.Debug|Any CPU.Build.0 = Debug|Any CPU
		{5EE1E6CA-1400-44D4-A07C-4672B49E36E4}.Debug|x64.ActiveCfg = Debug|Any CPU
		{5EE1E6CA-1400-44D4-A07C-4672B49E36E4}.Debug|x64.Build.0 = Debug|Any CPU
		{5EE1E6CA-1400-44D4-A07C-4672B49E36E4}.Debug|x86.ActiveCfg = Debug|Any CPU
		{5EE1E6CA-1400-44D4-A07C-4672B49E36E4}.Debug|x86.Build.0 = Debug|Any CPU
		{5EE1E6CA-1400-44D4-A07C-4672B49E36E4}.Release|Any CPU.ActiveCfg = Release|Any CPU
		{5EE1E6CA-1400-44D4-A07C-4672B49E36E4}.Release|Any CPU.Build.0 = Release|Any CPU
		{5EE1E6CA-1400-44D4-A07C-4672B49E36E4}.Release|x64.ActiveCfg = Release|Any CPU
		{5EE1E6CA-1400-44D4-A07C-4672B49E36E4}.Release|x64.Build.0 = Release|Any CPU
		{5EE1E6CA-1400-44D4-A07C-4672B49E36E4}.Release|x86.ActiveCfg = Release|Any CPU
		{5EE1E6CA-1400-44D4-A07C-4672B49E36E4}.Release|x86.Build.0 = Release|Any CPU
	EndGlobalSection
	GlobalSection(NestedProjects) = preSolution
		{F4567638-2BB3-4464-8CB8-0EDD63465A13} = {DFE92793-8D97-41EE-8B78-BEB8324F6236}
		{5363C079-B73B-4C65-B7E2-BD9CE71CD149} = {F4567638-2BB3-4464-8CB8-0EDD63465A13}
		{1AD926CA-59E6-4242-85A2-3E0224062002} = {9CD36202-E390-40FB-833D-09A6707CAFDE}
		{DD17E63A-3DAC-48A5-8161-D418B78C53F5} = {1AD926CA-59E6-4242-85A2-3E0224062002}
		{54F00C52-3FA1-45CF-BB8A-BEAF110DC8F3} = {DFE92793-8D97-41EE-8B78-BEB8324F6236}
		{AC07A1E6-B8F8-4359-BF98-2DEA5359DB03} = {54F00C52-3FA1-45CF-BB8A-BEAF110DC8F3}
		{B7BDA42F-F3E9-4522-B978-B5E43E8A394D} = {DFE92793-8D97-41EE-8B78-BEB8324F6236}
		{7A20D944-8742-4357-8C15-CBC04BD45DCC} = {B7BDA42F-F3E9-4522-B978-B5E43E8A394D}
		{B281BA53-4538-498C-933F-35DF1FD24048} = {9CD36202-E390-40FB-833D-09A6707CAFDE}
		{232F55BE-12A4-4A39-804D-0149DFEA8E17} = {B281BA53-4538-498C-933F-35DF1FD24048}
		{63E61218-2413-4FEE-87F2-01B7A9C2C34A} = {B7BDA42F-F3E9-4522-B978-B5E43E8A394D}
		{5EE1E6CA-1400-44D4-A07C-4672B49E36E4} = {B281BA53-4538-498C-933F-35DF1FD24048}
	EndGlobalSection
EndGlobal
